// !$*UTF8*$!
{
	archiveVersion = 1;
	classes = {
	};
	objectVersion = 46;
	objects = {

/* Begin PBXBuildFile section */
		0A7E2904752839E84B5C86D9 /* Pods_MotionGraphic.framework in Frameworks */ = {isa = PBXBuildFile; fileRef = F801DDADCCF5CE4349B05909 /* Pods_MotionGraphic.framework */; };
		2B1791D91FA875F700586E53 /* AppDelegate.swift in Sources */ = {isa = PBXBuildFile; fileRef = 2B1791D81FA875F700586E53 /* AppDelegate.swift */; };
		2B1791DB1FA875F700586E53 /* ViewController.swift in Sources */ = {isa = PBXBuildFile; fileRef = 2B1791DA1FA875F700586E53 /* ViewController.swift */; };
		2B1791DE1FA875F700586E53 /* Main.storyboard in Resources */ = {isa = PBXBuildFile; fileRef = 2B1791DC1FA875F700586E53 /* Main.storyboard */; };
		2B1791E01FA875F700586E53 /* Assets.xcassets in Resources */ = {isa = PBXBuildFile; fileRef = 2B1791DF1FA875F700586E53 /* Assets.xcassets */; };
		2B1791E31FA875F700586E53 /* LaunchScreen.storyboard in Resources */ = {isa = PBXBuildFile; fileRef = 2B1791E11FA875F700586E53 /* LaunchScreen.storyboard */; };
		2B1791EE1FA875F700586E53 /* MotionGraphicTests.swift in Sources */ = {isa = PBXBuildFile; fileRef = 2B1791ED1FA875F700586E53 /* MotionGraphicTests.swift */; };
		2B1791F91FA875F700586E53 /* MotionGraphicUITests.swift in Sources */ = {isa = PBXBuildFile; fileRef = 2B1791F81FA875F700586E53 /* MotionGraphicUITests.swift */; };
		AC89F4ACC4E01515B055C0A9 /* Pods_MotionGraphicTests.framework in Frameworks */ = {isa = PBXBuildFile; fileRef = 6BDF02AB5E9E1A23DA6CD7E7 /* Pods_MotionGraphicTests.framework */; };
		EE8CE9B8BBF36AE34F84CAED /* Pods_MotionGraphicUITests.framework in Frameworks */ = {isa = PBXBuildFile; fileRef = 672F62309E0F7B3BBF74500F /* Pods_MotionGraphicUITests.framework */; };
/* End PBXBuildFile section */

/* Begin PBXContainerItemProxy section */
		2B1791EA1FA875F700586E53 /* PBXContainerItemProxy */ = {
			isa = PBXContainerItemProxy;
			containerPortal = 2B1791CD1FA875F700586E53 /* Project object */;
			proxyType = 1;
			remoteGlobalIDString = 2B1791D41FA875F700586E53;
			remoteInfo = MotionGraphic;
		};
		2B1791F51FA875F700586E53 /* PBXContainerItemProxy */ = {
			isa = PBXContainerItemProxy;
			containerPortal = 2B1791CD1FA875F700586E53 /* Project object */;
			proxyType = 1;
			remoteGlobalIDString = 2B1791D41FA875F700586E53;
			remoteInfo = MotionGraphic;
		};
/* End PBXContainerItemProxy section */

/* Begin PBXFileReference section */
		2B1791D51FA875F700586E53 /* MotionGraphic.app */ = {isa = PBXFileReference; explicitFileType = wrapper.application; includeInIndex = 0; path = MotionGraphic.app; sourceTree = BUILT_PRODUCTS_DIR; };
		2B1791D81FA875F700586E53 /* AppDelegate.swift */ = {isa = PBXFileReference; lastKnownFileType = sourcecode.swift; path = AppDelegate.swift; sourceTree = "<group>"; };
		2B1791DA1FA875F700586E53 /* ViewController.swift */ = {isa = PBXFileReference; lastKnownFileType = sourcecode.swift; path = ViewController.swift; sourceTree = "<group>"; };
		2B1791DD1FA875F700586E53 /* Base */ = {isa = PBXFileReference; lastKnownFileType = file.storyboard; name = Base; path = Base.lproj/Main.storyboard; sourceTree = "<group>"; };
		2B1791DF1FA875F700586E53 /* Assets.xcassets */ = {isa = PBXFileReference; lastKnownFileType = folder.assetcatalog; path = Assets.xcassets; sourceTree = "<group>"; };
		2B1791E21FA875F700586E53 /* Base */ = {isa = PBXFileReference; lastKnownFileType = file.storyboard; name = Base; path = Base.lproj/LaunchScreen.storyboard; sourceTree = "<group>"; };
		2B1791E41FA875F700586E53 /* Info.plist */ = {isa = PBXFileReference; lastKnownFileType = text.plist.xml; path = Info.plist; sourceTree = "<group>"; };
		2B1791E91FA875F700586E53 /* MotionGraphicTests.xctest */ = {isa = PBXFileReference; explicitFileType = wrapper.cfbundle; includeInIndex = 0; path = MotionGraphicTests.xctest; sourceTree = BUILT_PRODUCTS_DIR; };
		2B1791ED1FA875F700586E53 /* MotionGraphicTests.swift */ = {isa = PBXFileReference; lastKnownFileType = sourcecode.swift; path = MotionGraphicTests.swift; sourceTree = "<group>"; };
		2B1791EF1FA875F700586E53 /* Info.plist */ = {isa = PBXFileReference; lastKnownFileType = text.plist.xml; path = Info.plist; sourceTree = "<group>"; };
		2B1791F41FA875F700586E53 /* MotionGraphicUITests.xctest */ = {isa = PBXFileReference; explicitFileType = wrapper.cfbundle; includeInIndex = 0; path = MotionGraphicUITests.xctest; sourceTree = BUILT_PRODUCTS_DIR; };
		2B1791F81FA875F700586E53 /* MotionGraphicUITests.swift */ = {isa = PBXFileReference; lastKnownFileType = sourcecode.swift; path = MotionGraphicUITests.swift; sourceTree = "<group>"; };
		2B1791FA1FA875F700586E53 /* Info.plist */ = {isa = PBXFileReference; lastKnownFileType = text.plist.xml; path = Info.plist; sourceTree = "<group>"; };
		672F62309E0F7B3BBF74500F /* Pods_MotionGraphicUITests.framework */ = {isa = PBXFileReference; explicitFileType = wrapper.framework; includeInIndex = 0; path = Pods_MotionGraphicUITests.framework; sourceTree = BUILT_PRODUCTS_DIR; };
		674E49694AFDDFCE14A81CB3 /* Pods-MotionGraphicUITests.release.xcconfig */ = {isa = PBXFileReference; includeInIndex = 1; lastKnownFileType = text.xcconfig; name = "Pods-MotionGraphicUITests.release.xcconfig"; path = "Pods/Target Support Files/Pods-MotionGraphicUITests/Pods-MotionGraphicUITests.release.xcconfig"; sourceTree = "<group>"; };
		67EE24ED2F3B268EE3D70FBA /* Pods-MotionGraphicTests.release.xcconfig */ = {isa = PBXFileReference; includeInIndex = 1; lastKnownFileType = text.xcconfig; name = "Pods-MotionGraphicTests.release.xcconfig"; path = "Pods/Target Support Files/Pods-MotionGraphicTests/Pods-MotionGraphicTests.release.xcconfig"; sourceTree = "<group>"; };
		6BDF02AB5E9E1A23DA6CD7E7 /* Pods_MotionGraphicTests.framework */ = {isa = PBXFileReference; explicitFileType = wrapper.framework; includeInIndex = 0; path = Pods_MotionGraphicTests.framework; sourceTree = BUILT_PRODUCTS_DIR; };
		BE9F1B88C53041D8DFCAE067 /* Pods-MotionGraphic.release.xcconfig */ = {isa = PBXFileReference; includeInIndex = 1; lastKnownFileType = text.xcconfig; name = "Pods-MotionGraphic.release.xcconfig"; path = "Pods/Target Support Files/Pods-MotionGraphic/Pods-MotionGraphic.release.xcconfig"; sourceTree = "<group>"; };
		C8F3897BB773F4C7441EF6D1 /* Pods-MotionGraphicUITests.debug.xcconfig */ = {isa = PBXFileReference; includeInIndex = 1; lastKnownFileType = text.xcconfig; name = "Pods-MotionGraphicUITests.debug.xcconfig"; path = "Pods/Target Support Files/Pods-MotionGraphicUITests/Pods-MotionGraphicUITests.debug.xcconfig"; sourceTree = "<group>"; };
		DA1465C1FD25AB682E9EAE7F /* Pods-MotionGraphicTests.debug.xcconfig */ = {isa = PBXFileReference; includeInIndex = 1; lastKnownFileType = text.xcconfig; name = "Pods-MotionGraphicTests.debug.xcconfig"; path = "Pods/Target Support Files/Pods-MotionGraphicTests/Pods-MotionGraphicTests.debug.xcconfig"; sourceTree = "<group>"; };
		EA78721DC0A773ABC4BE7C72 /* Pods-MotionGraphic.debug.xcconfig */ = {isa = PBXFileReference; includeInIndex = 1; lastKnownFileType = text.xcconfig; name = "Pods-MotionGraphic.debug.xcconfig"; path = "Pods/Target Support Files/Pods-MotionGraphic/Pods-MotionGraphic.debug.xcconfig"; sourceTree = "<group>"; };
		F801DDADCCF5CE4349B05909 /* Pods_MotionGraphic.framework */ = {isa = PBXFileReference; explicitFileType = wrapper.framework; includeInIndex = 0; path = Pods_MotionGraphic.framework; sourceTree = BUILT_PRODUCTS_DIR; };
/* End PBXFileReference section */

/* Begin PBXFrameworksBuildPhase section */
		2B1791D21FA875F700586E53 /* Frameworks */ = {
			isa = PBXFrameworksBuildPhase;
			buildActionMask = 2147483647;
			files = (
				0A7E2904752839E84B5C86D9 /* Pods_MotionGraphic.framework in Frameworks */,
			);
			runOnlyForDeploymentPostprocessing = 0;
		};
		2B1791E61FA875F700586E53 /* Frameworks */ = {
			isa = PBXFrameworksBuildPhase;
			buildActionMask = 2147483647;
			files = (
				AC89F4ACC4E01515B055C0A9 /* Pods_MotionGraphicTests.framework in Frameworks */,
			);
			runOnlyForDeploymentPostprocessing = 0;
		};
		2B1791F11FA875F700586E53 /* Frameworks */ = {
			isa = PBXFrameworksBuildPhase;
			buildActionMask = 2147483647;
			files = (
				EE8CE9B8BBF36AE34F84CAED /* Pods_MotionGraphicUITests.framework in Frameworks */,
			);
			runOnlyForDeploymentPostprocessing = 0;
		};
/* End PBXFrameworksBuildPhase section */

/* Begin PBXGroup section */
		2B1791CC1FA875F700586E53 = {
			isa = PBXGroup;
			children = (
				2B1791D71FA875F700586E53 /* MotionGraphic */,
				2B1791EC1FA875F700586E53 /* MotionGraphicTests */,
				2B1791F71FA875F700586E53 /* MotionGraphicUITests */,
				2B1791D61FA875F700586E53 /* Products */,
				A1E85D1E902A63B834462CF3 /* Pods */,
				937861119F0B115B47BF3622 /* Frameworks */,
			);
			sourceTree = "<group>";
		};
		2B1791D61FA875F700586E53 /* Products */ = {
			isa = PBXGroup;
			children = (
				2B1791D51FA875F700586E53 /* MotionGraphic.app */,
				2B1791E91FA875F700586E53 /* MotionGraphicTests.xctest */,
				2B1791F41FA875F700586E53 /* MotionGraphicUITests.xctest */,
			);
			name = Products;
			sourceTree = "<group>";
		};
		2B1791D71FA875F700586E53 /* MotionGraphic */ = {
			isa = PBXGroup;
			children = (
				2B1791D81FA875F700586E53 /* AppDelegate.swift */,
				2B1791DA1FA875F700586E53 /* ViewController.swift */,
				2B1791DC1FA875F700586E53 /* Main.storyboard */,
				2B1791DF1FA875F700586E53 /* Assets.xcassets */,
				2B1791E11FA875F700586E53 /* LaunchScreen.storyboard */,
				2B1791E41FA875F700586E53 /* Info.plist */,
			);
			path = MotionGraphic;
			sourceTree = "<group>";
		};
		2B1791EC1FA875F700586E53 /* MotionGraphicTests */ = {
			isa = PBXGroup;
			children = (
				2B1791ED1FA875F700586E53 /* MotionGraphicTests.swift */,
				2B1791EF1FA875F700586E53 /* Info.plist */,
			);
			path = MotionGraphicTests;
			sourceTree = "<group>";
		};
		2B1791F71FA875F700586E53 /* MotionGraphicUITests */ = {
			isa = PBXGroup;
			children = (
				2B1791F81FA875F700586E53 /* MotionGraphicUITests.swift */,
				2B1791FA1FA875F700586E53 /* Info.plist */,
			);
			path = MotionGraphicUITests;
			sourceTree = "<group>";
		};
		937861119F0B115B47BF3622 /* Frameworks */ = {
			isa = PBXGroup;
			children = (
				F801DDADCCF5CE4349B05909 /* Pods_MotionGraphic.framework */,
				6BDF02AB5E9E1A23DA6CD7E7 /* Pods_MotionGraphicTests.framework */,
				672F62309E0F7B3BBF74500F /* Pods_MotionGraphicUITests.framework */,
			);
			name = Frameworks;
			sourceTree = "<group>";
		};
		A1E85D1E902A63B834462CF3 /* Pods */ = {
			isa = PBXGroup;
			children = (
				EA78721DC0A773ABC4BE7C72 /* Pods-MotionGraphic.debug.xcconfig */,
				BE9F1B88C53041D8DFCAE067 /* Pods-MotionGraphic.release.xcconfig */,
				DA1465C1FD25AB682E9EAE7F /* Pods-MotionGraphicTests.debug.xcconfig */,
				67EE24ED2F3B268EE3D70FBA /* Pods-MotionGraphicTests.release.xcconfig */,
				C8F3897BB773F4C7441EF6D1 /* Pods-MotionGraphicUITests.debug.xcconfig */,
				674E49694AFDDFCE14A81CB3 /* Pods-MotionGraphicUITests.release.xcconfig */,
			);
			name = Pods;
			sourceTree = "<group>";
		};
/* End PBXGroup section */

/* Begin PBXNativeTarget section */
		2B1791D41FA875F700586E53 /* MotionGraphic */ = {
			isa = PBXNativeTarget;
			buildConfigurationList = 2B1791FD1FA875F700586E53 /* Build configuration list for PBXNativeTarget "MotionGraphic" */;
			buildPhases = (
				FFDEB1C90387A484256B9706 /* [CP] Check Pods Manifest.lock */,
				2B1791D11FA875F700586E53 /* Sources */,
				2B1791D21FA875F700586E53 /* Frameworks */,
				2B1791D31FA875F700586E53 /* Resources */,
				2E491A13D4B1C07CB44E2641 /* [CP] Embed Pods Frameworks */,
				54FEC9AD2717B687021E9032 /* [CP] Copy Pods Resources */,
			);
			buildRules = (
			);
			dependencies = (
			);
			name = MotionGraphic;
			productName = MotionGraphic;
			productReference = 2B1791D51FA875F700586E53 /* MotionGraphic.app */;
			productType = "com.apple.product-type.application";
		};
		2B1791E81FA875F700586E53 /* MotionGraphicTests */ = {
			isa = PBXNativeTarget;
			buildConfigurationList = 2B1792001FA875F700586E53 /* Build configuration list for PBXNativeTarget "MotionGraphicTests" */;
			buildPhases = (
				36C27793F8E838E489EFEACC /* [CP] Check Pods Manifest.lock */,
				2B1791E51FA875F700586E53 /* Sources */,
				2B1791E61FA875F700586E53 /* Frameworks */,
				2B1791E71FA875F700586E53 /* Resources */,
				C54E182C5274553404A29A8C /* [CP] Embed Pods Frameworks */,
				E2413B259DE3F42C17C114F7 /* [CP] Copy Pods Resources */,
			);
			buildRules = (
			);
			dependencies = (
				2B1791EB1FA875F700586E53 /* PBXTargetDependency */,
			);
			name = MotionGraphicTests;
			productName = MotionGraphicTests;
			productReference = 2B1791E91FA875F700586E53 /* MotionGraphicTests.xctest */;
			productType = "com.apple.product-type.bundle.unit-test";
		};
		2B1791F31FA875F700586E53 /* MotionGraphicUITests */ = {
			isa = PBXNativeTarget;
			buildConfigurationList = 2B1792031FA875F700586E53 /* Build configuration list for PBXNativeTarget "MotionGraphicUITests" */;
			buildPhases = (
				860099E0DB8DC97C7A7A755E /* [CP] Check Pods Manifest.lock */,
				2B1791F01FA875F700586E53 /* Sources */,
				2B1791F11FA875F700586E53 /* Frameworks */,
				2B1791F21FA875F700586E53 /* Resources */,
				A756C6B217D1ADDD06828FC6 /* [CP] Embed Pods Frameworks */,
				A36B6E39BA137C1C30BA769E /* [CP] Copy Pods Resources */,
			);
			buildRules = (
			);
			dependencies = (
				2B1791F61FA875F700586E53 /* PBXTargetDependency */,
			);
			name = MotionGraphicUITests;
			productName = MotionGraphicUITests;
			productReference = 2B1791F41FA875F700586E53 /* MotionGraphicUITests.xctest */;
			productType = "com.apple.product-type.bundle.ui-testing";
		};
/* End PBXNativeTarget section */

/* Begin PBXProject section */
		2B1791CD1FA875F700586E53 /* Project object */ = {
			isa = PBXProject;
			attributes = {
				LastSwiftUpdateCheck = 0830;
				LastUpgradeCheck = 0830;
				ORGANIZATIONNAME = "片岡";
				TargetAttributes = {
					2B1791D41FA875F700586E53 = {
						CreatedOnToolsVersion = 8.3.3;
						DevelopmentTeam = 43Q23333XP;
						ProvisioningStyle = Automatic;
					};
					2B1791E81FA875F700586E53 = {
						CreatedOnToolsVersion = 8.3.3;
						ProvisioningStyle = Automatic;
						TestTargetID = 2B1791D41FA875F700586E53;
					};
					2B1791F31FA875F700586E53 = {
						CreatedOnToolsVersion = 8.3.3;
						ProvisioningStyle = Automatic;
						TestTargetID = 2B1791D41FA875F700586E53;
					};
				};
			};
			buildConfigurationList = 2B1791D01FA875F700586E53 /* Build configuration list for PBXProject "MotionGraphic" */;
			compatibilityVersion = "Xcode 3.2";
			developmentRegion = English;
			hasScannedForEncodings = 0;
			knownRegions = (
				en,
				Base,
			);
			mainGroup = 2B1791CC1FA875F700586E53;
			productRefGroup = 2B1791D61FA875F700586E53 /* Products */;
			projectDirPath = "";
			projectRoot = "";
			targets = (
				2B1791D41FA875F700586E53 /* MotionGraphic */,
				2B1791E81FA875F700586E53 /* MotionGraphicTests */,
				2B1791F31FA875F700586E53 /* MotionGraphicUITests */,
			);
		};
/* End PBXProject section */

/* Begin PBXResourcesBuildPhase section */
		2B1791D31FA875F700586E53 /* Resources */ = {
			isa = PBXResourcesBuildPhase;
			buildActionMask = 2147483647;
			files = (
				2B1791E31FA875F700586E53 /* LaunchScreen.storyboard in Resources */,
				2B1791E01FA875F700586E53 /* Assets.xcassets in Resources */,
				2B1791DE1FA875F700586E53 /* Main.storyboard in Resources */,
			);
			runOnlyForDeploymentPostprocessing = 0;
		};
		2B1791E71FA875F700586E53 /* Resources */ = {
			isa = PBXResourcesBuildPhase;
			buildActionMask = 2147483647;
			files = (
			);
			runOnlyForDeploymentPostprocessing = 0;
		};
		2B1791F21FA875F700586E53 /* Resources */ = {
			isa = PBXResourcesBuildPhase;
			buildActionMask = 2147483647;
			files = (
			);
			runOnlyForDeploymentPostprocessing = 0;
		};
/* End PBXResourcesBuildPhase section */

/* Begin PBXShellScriptBuildPhase section */
		2E491A13D4B1C07CB44E2641 /* [CP] Embed Pods Frameworks */ = {
			isa = PBXShellScriptBuildPhase;
			buildActionMask = 2147483647;
			files = (
			);
			inputPaths = (
			);
			name = "[CP] Embed Pods Frameworks";
			outputPaths = (
			);
			runOnlyForDeploymentPostprocessing = 0;
			shellPath = /bin/sh;
			shellScript = "\"${SRCROOT}/Pods/Target Support Files/Pods-MotionGraphic/Pods-MotionGraphic-frameworks.sh\"\n";
			showEnvVarsInLog = 0;
		};
		36C27793F8E838E489EFEACC /* [CP] Check Pods Manifest.lock */ = {
			isa = PBXShellScriptBuildPhase;
			buildActionMask = 2147483647;
			files = (
			);
			inputPaths = (
			);
			name = "[CP] Check Pods Manifest.lock";
			outputPaths = (
			);
			runOnlyForDeploymentPostprocessing = 0;
			shellPath = /bin/sh;
			shellScript = "diff \"${PODS_PODFILE_DIR_PATH}/Podfile.lock\" \"${PODS_ROOT}/Manifest.lock\" > /dev/null\nif [ $? != 0 ] ; then\n    # print error to STDERR\n    echo \"error: The sandbox is not in sync with the Podfile.lock. Run 'pod install' or update your CocoaPods installation.\" >&2\n    exit 1\nfi\n";
			showEnvVarsInLog = 0;
		};
		54FEC9AD2717B687021E9032 /* [CP] Copy Pods Resources */ = {
			isa = PBXShellScriptBuildPhase;
			buildActionMask = 2147483647;
			files = (
			);
			inputPaths = (
			);
			name = "[CP] Copy Pods Resources";
			outputPaths = (
			);
			runOnlyForDeploymentPostprocessing = 0;
			shellPath = /bin/sh;
			shellScript = "\"${SRCROOT}/Pods/Target Support Files/Pods-MotionGraphic/Pods-MotionGraphic-resources.sh\"\n";
			showEnvVarsInLog = 0;
		};
		860099E0DB8DC97C7A7A755E /* [CP] Check Pods Manifest.lock */ = {
			isa = PBXShellScriptBuildPhase;
			buildActionMask = 2147483647;
			files = (
			);
			inputPaths = (
			);
			name = "[CP] Check Pods Manifest.lock";
			outputPaths = (
			);
			runOnlyForDeploymentPostprocessing = 0;
			shellPath = /bin/sh;
			shellScript = "diff \"${PODS_PODFILE_DIR_PATH}/Podfile.lock\" \"${PODS_ROOT}/Manifest.lock\" > /dev/null\nif [ $? != 0 ] ; then\n    # print error to STDERR\n    echo \"error: The sandbox is not in sync with the Podfile.lock. Run 'pod install' or update your CocoaPods installation.\" >&2\n    exit 1\nfi\n";
			showEnvVarsInLog = 0;
		};
		A36B6E39BA137C1C30BA769E /* [CP] Copy Pods Resources */ = {
			isa = PBXShellScriptBuildPhase;
			buildActionMask = 2147483647;
			files = (
			);
			inputPaths = (
			);
			name = "[CP] Copy Pods Resources";
			outputPaths = (
			);
			runOnlyForDeploymentPostprocessing = 0;
			shellPath = /bin/sh;
			shellScript = "\"${SRCROOT}/Pods/Target Support Files/Pods-MotionGraphicUITests/Pods-MotionGraphicUITests-resources.sh\"\n";
			showEnvVarsInLog = 0;
		};
		A756C6B217D1ADDD06828FC6 /* [CP] Embed Pods Frameworks */ = {
			isa = PBXShellScriptBuildPhase;
			buildActionMask = 2147483647;
			files = (
			);
			inputPaths = (
			);
			name = "[CP] Embed Pods Frameworks";
			outputPaths = (
			);
			runOnlyForDeploymentPostprocessing = 0;
			shellPath = /bin/sh;
			shellScript = "\"${SRCROOT}/Pods/Target Support Files/Pods-MotionGraphicUITests/Pods-MotionGraphicUITests-frameworks.sh\"\n";
			showEnvVarsInLog = 0;
		};
		C54E182C5274553404A29A8C /* [CP] Embed Pods Frameworks */ = {
			isa = PBXShellScriptBuildPhase;
			buildActionMask = 2147483647;
			files = (
			);
			inputPaths = (
			);
			name = "[CP] Embed Pods Frameworks";
			outputPaths = (
			);
			runOnlyForDeploymentPostprocessing = 0;
			shellPath = /bin/sh;
			shellScript = "\"${SRCROOT}/Pods/Target Support Files/Pods-MotionGraphicTests/Pods-MotionGraphicTests-frameworks.sh\"\n";
			showEnvVarsInLog = 0;
		};
		E2413B259DE3F42C17C114F7 /* [CP] Copy Pods Resources */ = {
			isa = PBXShellScriptBuildPhase;
			buildActionMask = 2147483647;
			files = (
			);
			inputPaths = (
			);
			name = "[CP] Copy Pods Resources";
			outputPaths = (
			);
			runOnlyForDeploymentPostprocessing = 0;
			shellPath = /bin/sh;
			shellScript = "\"${SRCROOT}/Pods/Target Support Files/Pods-MotionGraphicTests/Pods-MotionGraphicTests-resources.sh\"\n";
			showEnvVarsInLog = 0;
		};
		FFDEB1C90387A484256B9706 /* [CP] Check Pods Manifest.lock */ = {
			isa = PBXShellScriptBuildPhase;
			buildActionMask = 2147483647;
			files = (
			);
			inputPaths = (
			);
			name = "[CP] Check Pods Manifest.lock";
			outputPaths = (
			);
			runOnlyForDeploymentPostprocessing = 0;
			shellPath = /bin/sh;
			shellScript = "diff \"${PODS_PODFILE_DIR_PATH}/Podfile.lock\" \"${PODS_ROOT}/Manifest.lock\" > /dev/null\nif [ $? != 0 ] ; then\n    # print error to STDERR\n    echo \"error: The sandbox is not in sync with the Podfile.lock. Run 'pod install' or update your CocoaPods installation.\" >&2\n    exit 1\nfi\n";
			showEnvVarsInLog = 0;
		};
/* End PBXShellScriptBuildPhase section */

/* Begin PBXSourcesBuildPhase section */
		2B1791D11FA875F700586E53 /* Sources */ = {
			isa = PBXSourcesBuildPhase;
			buildActionMask = 2147483647;
			files = (
				2B1791DB1FA875F700586E53 /* ViewController.swift in Sources */,
				2B1791D91FA875F700586E53 /* AppDelegate.swift in Sources */,
			);
			runOnlyForDeploymentPostprocessing = 0;
		};
		2B1791E51FA875F700586E53 /* Sources */ = {
			isa = PBXSourcesBuildPhase;
			buildActionMask = 2147483647;
			files = (
				2B1791EE1FA875F700586E53 /* MotionGraphicTests.swift in Sources */,
			);
			runOnlyForDeploymentPostprocessing = 0;
		};
		2B1791F01FA875F700586E53 /* Sources */ = {
			isa = PBXSourcesBuildPhase;
			buildActionMask = 2147483647;
			files = (
				2B1791F91FA875F700586E53 /* MotionGraphicUITests.swift in Sources */,
			);
			runOnlyForDeploymentPostprocessing = 0;
		};
/* End PBXSourcesBuildPhase section */

/* Begin PBXTargetDependency section */
		2B1791EB1FA875F700586E53 /* PBXTargetDependency */ = {
			isa = PBXTargetDependency;
			target = 2B1791D41FA875F700586E53 /* MotionGraphic */;
			targetProxy = 2B1791EA1FA875F700586E53 /* PBXContainerItemProxy */;
		};
		2B1791F61FA875F700586E53 /* PBXTargetDependency */ = {
			isa = PBXTargetDependency;
			target = 2B1791D41FA875F700586E53 /* MotionGraphic */;
			targetProxy = 2B1791F51FA875F700586E53 /* PBXContainerItemProxy */;
		};
/* End PBXTargetDependency section */

/* Begin PBXVariantGroup section */
		2B1791DC1FA875F700586E53 /* Main.storyboard */ = {
			isa = PBXVariantGroup;
			children = (
				2B1791DD1FA875F700586E53 /* Base */,
			);
			name = Main.storyboard;
			sourceTree = "<group>";
		};
		2B1791E11FA875F700586E53 /* LaunchScreen.storyboard */ = {
			isa = PBXVariantGroup;
			children = (
				2B1791E21FA875F700586E53 /* Base */,
			);
			name = LaunchScreen.storyboard;
			sourceTree = "<group>";
		};
/* End PBXVariantGroup section */

/* Begin XCBuildConfiguration section */
		2B1791FB1FA875F700586E53 /* Debug */ = {
			isa = XCBuildConfiguration;
			buildSettings = {
				ALWAYS_SEARCH_USER_PATHS = NO;
				CLANG_ANALYZER_NONNULL = YES;
				CLANG_ANALYZER_NUMBER_OBJECT_CONVERSION = YES_AGGRESSIVE;
				CLANG_CXX_LANGUAGE_STANDARD = "gnu++0x";
				CLANG_CXX_LIBRARY = "libc++";
				CLANG_ENABLE_MODULES = YES;
				CLANG_ENABLE_OBJC_ARC = YES;
				CLANG_WARN_BOOL_CONVERSION = YES;
				CLANG_WARN_CONSTANT_CONVERSION = YES;
				CLANG_WARN_DIRECT_OBJC_ISA_USAGE = YES_ERROR;
				CLANG_WARN_DOCUMENTATION_COMMENTS = YES;
				CLANG_WARN_EMPTY_BODY = YES;
				CLANG_WARN_ENUM_CONVERSION = YES;
				CLANG_WARN_INFINITE_RECURSION = YES;
				CLANG_WARN_INT_CONVERSION = YES;
				CLANG_WARN_OBJC_ROOT_CLASS = YES_ERROR;
				CLANG_WARN_SUSPICIOUS_MOVE = YES;
				CLANG_WARN_UNREACHABLE_CODE = YES;
				CLANG_WARN__DUPLICATE_METHOD_MATCH = YES;
				"CODE_SIGN_IDENTITY[sdk=iphoneos*]" = "iPhone Developer";
				COPY_PHASE_STRIP = NO;
				DEBUG_INFORMATION_FORMAT = dwarf;
				ENABLE_STRICT_OBJC_MSGSEND = YES;
				ENABLE_TESTABILITY = YES;
				GCC_C_LANGUAGE_STANDARD = gnu99;
				GCC_DYNAMIC_NO_PIC = NO;
				GCC_NO_COMMON_BLOCKS = YES;
				GCC_OPTIMIZATION_LEVEL = 0;
				GCC_PREPROCESSOR_DEFINITIONS = (
					"DEBUG=1",
					"$(inherited)",
				);
				GCC_WARN_64_TO_32_BIT_CONVERSION = YES;
				GCC_WARN_ABOUT_RETURN_TYPE = YES_ERROR;
				GCC_WARN_UNDECLARED_SELECTOR = YES;
				GCC_WARN_UNINITIALIZED_AUTOS = YES_AGGRESSIVE;
				GCC_WARN_UNUSED_FUNCTION = YES;
				GCC_WARN_UNUSED_VARIABLE = YES;
				IPHONEOS_DEPLOYMENT_TARGET = 10.3;
				MTL_ENABLE_DEBUG_INFO = YES;
				ONLY_ACTIVE_ARCH = YES;
				SDKROOT = iphoneos;
				SWIFT_ACTIVE_COMPILATION_CONDITIONS = DEBUG;
				SWIFT_OPTIMIZATION_LEVEL = "-Onone";
			};
			name = Debug;
		};
		2B1791FC1FA875F700586E53 /* Release */ = {
			isa = XCBuildConfiguration;
			buildSettings = {
				ALWAYS_SEARCH_USER_PATHS = NO;
				CLANG_ANALYZER_NONNULL = YES;
				CLANG_ANALYZER_NUMBER_OBJECT_CONVERSION = YES_AGGRESSIVE;
				CLANG_CXX_LANGUAGE_STANDARD = "gnu++0x";
				CLANG_CXX_LIBRARY = "libc++";
				CLANG_ENABLE_MODULES = YES;
				CLANG_ENABLE_OBJC_ARC = YES;
				CLANG_WARN_BOOL_CONVERSION = YES;
				CLANG_WARN_CONSTANT_CONVERSION = YES;
				CLANG_WARN_DIRECT_OBJC_ISA_USAGE = YES_ERROR;
				CLANG_WARN_DOCUMENTATION_COMMENTS = YES;
				CLANG_WARN_EMPTY_BODY = YES;
				CLANG_WARN_ENUM_CONVERSION = YES;
				CLANG_WARN_INFINITE_RECURSION = YES;
				CLANG_WARN_INT_CONVERSION = YES;
				CLANG_WARN_OBJC_ROOT_CLASS = YES_ERROR;
				CLANG_WARN_SUSPICIOUS_MOVE = YES;
				CLANG_WARN_UNREACHABLE_CODE = YES;
				CLANG_WARN__DUPLICATE_METHOD_MATCH = YES;
				"CODE_SIGN_IDENTITY[sdk=iphoneos*]" = "iPhone Developer";
				COPY_PHASE_STRIP = NO;
				DEBUG_INFORMATION_FORMAT = "dwarf-with-dsym";
				ENABLE_NS_ASSERTIONS = NO;
				ENABLE_STRICT_OBJC_MSGSEND = YES;
				GCC_C_LANGUAGE_STANDARD = gnu99;
				GCC_NO_COMMON_BLOCKS = YES;
				GCC_WARN_64_TO_32_BIT_CONVERSION = YES;
				GCC_WARN_ABOUT_RETURN_TYPE = YES_ERROR;
				GCC_WARN_UNDECLARED_SELECTOR = YES;
				GCC_WARN_UNINITIALIZED_AUTOS = YES_AGGRESSIVE;
				GCC_WARN_UNUSED_FUNCTION = YES;
				GCC_WARN_UNUSED_VARIABLE = YES;
				IPHONEOS_DEPLOYMENT_TARGET = 10.3;
				MTL_ENABLE_DEBUG_INFO = NO;
				SDKROOT = iphoneos;
				SWIFT_OPTIMIZATION_LEVEL = "-Owholemodule";
				VALIDATE_PRODUCT = YES;
			};
			name = Release;
		};
		2B1791FE1FA875F700586E53 /* Debug */ = {
			isa = XCBuildConfiguration;
			baseConfigurationReference = EA78721DC0A773ABC4BE7C72 /* Pods-MotionGraphic.debug.xcconfig */;
			buildSettings = {
				ASSETCATALOG_COMPILER_APPICON_NAME = AppIcon;
				DEVELOPMENT_TEAM = 43Q23333XP;
				INFOPLIST_FILE = MotionGraphic/Info.plist;
				LD_RUNPATH_SEARCH_PATHS = "$(inherited) @executable_path/Frameworks";
				PRODUCT_BUNDLE_IDENTIFIER = com.litech.MotionGraphic;
				PRODUCT_NAME = "$(TARGET_NAME)";
				SWIFT_VERSION = 3.0;
			};
			name = Debug;
		};
		2B1791FF1FA875F700586E53 /* Release */ = {
			isa = XCBuildConfiguration;
			baseConfigurationReference = BE9F1B88C53041D8DFCAE067 /* Pods-MotionGraphic.release.xcconfig */;
			buildSettings = {
				ASSETCATALOG_COMPILER_APPICON_NAME = AppIcon;
				DEVELOPMENT_TEAM = 43Q23333XP;
				INFOPLIST_FILE = MotionGraphic/Info.plist;
				LD_RUNPATH_SEARCH_PATHS = "$(inherited) @executable_path/Frameworks";
				PRODUCT_BUNDLE_IDENTIFIER = com.litech.MotionGraphic;
				PRODUCT_NAME = "$(TARGET_NAME)";
				SWIFT_VERSION = 3.0;
			};
			name = Release;
		};
		2B1792011FA875F700586E53 /* Debug */ = {
			isa = XCBuildConfiguration;
			baseConfigurationReference = DA1465C1FD25AB682E9EAE7F /* Pods-MotionGraphicTests.debug.xcconfig */;
			buildSettings = {
				ALWAYS_EMBED_SWIFT_STANDARD_LIBRARIES = YES;
				BUNDLE_LOADER = "$(TEST_HOST)";
				INFOPLIST_FILE = MotionGraphicTests/Info.plist;
				LD_RUNPATH_SEARCH_PATHS = "$(inherited) @executable_path/Frameworks @loader_path/Frameworks";
				PRODUCT_BUNDLE_IDENTIFIER = com.litech.MotionGraphicTests;
				PRODUCT_NAME = "$(TARGET_NAME)";
				SWIFT_VERSION = 3.0;
				TEST_HOST = "$(BUILT_PRODUCTS_DIR)/MotionGraphic.app/MotionGraphic";
			};
			name = Debug;
		};
		2B1792021FA875F700586E53 /* Release */ = {
			isa = XCBuildConfiguration;
			baseConfigurationReference = 67EE24ED2F3B268EE3D70FBA /* Pods-MotionGraphicTests.release.xcconfig */;
			buildSettings = {
				ALWAYS_EMBED_SWIFT_STANDARD_LIBRARIES = YES;
				BUNDLE_LOADER = "$(TEST_HOST)";
				INFOPLIST_FILE = MotionGraphicTests/Info.plist;
				LD_RUNPATH_SEARCH_PATHS = "$(inherited) @executable_path/Frameworks @loader_path/Frameworks";
				PRODUCT_BUNDLE_IDENTIFIER = com.litech.MotionGraphicTests;
				PRODUCT_NAME = "$(TARGET_NAME)";
				SWIFT_VERSION = 3.0;
				TEST_HOST = "$(BUILT_PRODUCTS_DIR)/MotionGraphic.app/MotionGraphic";
			};
			name = Release;
		};
		2B1792041FA875F700586E53 /* Debug */ = {
			isa = XCBuildConfiguration;
			baseConfigurationReference = C8F3897BB773F4C7441EF6D1 /* Pods-MotionGraphicUITests.debug.xcconfig */;
			buildSettings = {
				ALWAYS_EMBED_SWIFT_STANDARD_LIBRARIES = YES;
				INFOPLIST_FILE = MotionGraphicUITests/Info.plist;
				LD_RUNPATH_SEARCH_PATHS = "$(inherited) @executable_path/Frameworks @loader_path/Frameworks";
				PRODUCT_BUNDLE_IDENTIFIER = com.litech.MotionGraphicUITests;
				PRODUCT_NAME = "$(TARGET_NAME)";
				SWIFT_VERSION = 3.0;
				TEST_TARGET_NAME = MotionGraphic;
			};
			name = Debug;
		};
		2B1792051FA875F700586E53 /* Release */ = {
			isa = XCBuildConfiguration;
			baseConfigurationReference = 674E49694AFDDFCE14A81CB3 /* Pods-MotionGraphicUITests.release.xcconfig */;
			buildSettings = {
				ALWAYS_EMBED_SWIFT_STANDARD_LIBRARIES = YES;
				INFOPLIST_FILE = MotionGraphicUITests/Info.plist;
				LD_RUNPATH_SEARCH_PATHS = "$(inherited) @executable_path/Frameworks @loader_path/Frameworks";
				PRODUCT_BUNDLE_IDENTIFIER = com.litech.MotionGraphicUITests;
				PRODUCT_NAME = "$(TARGET_NAME)";
				SWIFT_VERSION = 3.0;
				TEST_TARGET_NAME = MotionGraphic;
			};
			name = Release;
		};
/* End XCBuildConfiguration section */

/* Begin XCConfigurationList section */
		2B1791D01FA875F700586E53 /* Build configuration list for PBXProject "MotionGraphic" */ = {
			isa = XCConfigurationList;
			buildConfigurations = (
				2B1791FB1FA875F700586E53 /* Debug */,
				2B1791FC1FA875F700586E53 /* Release */,
			);
			defaultConfigurationIsVisible = 0;
			defaultConfigurationName = Release;
		};
		2B1791FD1FA875F700586E53 /* Build configuration list for PBXNativeTarget "MotionGraphic" */ = {
			isa = XCConfigurationList;
			buildConfigurations = (
				2B1791FE1FA875F700586E53 /* Debug */,
				2B1791FF1FA875F700586E53 /* Release */,
			);
			defaultConfigurationIsVisible = 0;
			defaultConfigurationName = Release;
		};
		2B1792001FA875F700586E53 /* Build configuration list for PBXNativeTarget "MotionGraphicTests" */ = {
			isa = XCConfigurationList;
			buildConfigurations = (
				2B1792011FA875F700586E53 /* Debug */,
				2B1792021FA875F700586E53 /* Release */,
			);
			defaultConfigurationIsVisible = 0;
			defaultConfigurationName = Release;
		};
		2B1792031FA875F700586E53 /* Build configuration list for PBXNativeTarget "MotionGraphicUITests" */ = {
			isa = XCConfigurationList;
			buildConfigurations = (
				2B1792041FA875F700586E53 /* Debug */,
				2B1792051FA875F700586E53 /* Release */,
			);
			defaultConfigurationIsVisible = 0;
			defaultConfigurationName = Release;
		};
/* End XCConfigurationList section */
	};
	rootObject = 2B1791CD1FA875F700586E53 /* Project object */;
}
